// !$*UTF8*$!
{
	archiveVersion = 1;
	classes = {
	};
	objectVersion = 46;
	objects = {

/* Begin PBXBuildFile section */
		454454F61992E1DE00AEAE6C /* Foundation.framework in Frameworks */ = {isa = PBXBuildFile; fileRef = 454454F51992E1DE00AEAE6C /* Foundation.framework */; };
		454454F81992E1DE00AEAE6C /* CoreGraphics.framework in Frameworks */ = {isa = PBXBuildFile; fileRef = 454454F71992E1DE00AEAE6C /* CoreGraphics.framework */; };
		454454FA1992E1DE00AEAE6C /* UIKit.framework in Frameworks */ = {isa = PBXBuildFile; fileRef = 454454F91992E1DE00AEAE6C /* UIKit.framework */; };
		454455001992E1DE00AEAE6C /* InfoPlist.strings in Resources */ = {isa = PBXBuildFile; fileRef = 454454FE1992E1DE00AEAE6C /* InfoPlist.strings */; };
		454455021992E1DE00AEAE6C /* main.m in Sources */ = {isa = PBXBuildFile; fileRef = 454455011992E1DE00AEAE6C /* main.m */; };
		454455061992E1DE00AEAE6C /* LDLAppDelegate.m in Sources */ = {isa = PBXBuildFile; fileRef = 454455051992E1DE00AEAE6C /* LDLAppDelegate.m */; };
		454455091992E1DE00AEAE6C /* Main.storyboard in Resources */ = {isa = PBXBuildFile; fileRef = 454455071992E1DE00AEAE6C /* Main.storyboard */; };
		4544550C1992E1DE00AEAE6C /* LDLViewController.m in Sources */ = {isa = PBXBuildFile; fileRef = 4544550B1992E1DE00AEAE6C /* LDLViewController.m */; };
		4544550E1992E1DE00AEAE6C /* Images.xcassets in Resources */ = {isa = PBXBuildFile; fileRef = 4544550D1992E1DE00AEAE6C /* Images.xcassets */; };
		454455151992E1DE00AEAE6C /* XCTest.framework in Frameworks */ = {isa = PBXBuildFile; fileRef = 454455141992E1DE00AEAE6C /* XCTest.framework */; };
		454455161992E1DE00AEAE6C /* Foundation.framework in Frameworks */ = {isa = PBXBuildFile; fileRef = 454454F51992E1DE00AEAE6C /* Foundation.framework */; };
		454455171992E1DE00AEAE6C /* UIKit.framework in Frameworks */ = {isa = PBXBuildFile; fileRef = 454454F91992E1DE00AEAE6C /* UIKit.framework */; };
		4544551F1992E1DE00AEAE6C /* InfoPlist.strings in Resources */ = {isa = PBXBuildFile; fileRef = 4544551D1992E1DE00AEAE6C /* InfoPlist.strings */; };
		454455211992E1DE00AEAE6C /* First_Table_ViewTests.m in Sources */ = {isa = PBXBuildFile; fileRef = 454455201992E1DE00AEAE6C /* First_Table_ViewTests.m */; };
/* End PBXBuildFile section */

/* Begin PBXContainerItemProxy section */
		454455181992E1DE00AEAE6C /* PBXContainerItemProxy */ = {
			isa = PBXContainerItemProxy;
			containerPortal = 454454EA1992E1DE00AEAE6C /* Project object */;
			proxyType = 1;
			remoteGlobalIDString = 454454F11992E1DE00AEAE6C;
			remoteInfo = "First Table View";
		};
/* End PBXContainerItemProxy section */

/* Begin PBXFileReference section */
		454454F21992E1DE00AEAE6C /* First Table View.app */ = {isa = PBXFileReference; explicitFileType = wrapper.application; includeInIndex = 0; path = "First Table View.app"; sourceTree = BUILT_PRODUCTS_DIR; };
		454454F51992E1DE00AEAE6C /* Foundation.framework */ = {isa = PBXFileReference; lastKnownFileType = wrapper.framework; name = Foundation.framework; path = System/Library/Frameworks/Foundation.framework; sourceTree = SDKROOT; };
		454454F71992E1DE00AEAE6C /* CoreGraphics.framework */ = {isa = PBXFileReference; lastKnownFileType = wrapper.framework; name = CoreGraphics.framework; path = System/Library/Frameworks/CoreGraphics.framework; sourceTree = SDKROOT; };
		454454F91992E1DE00AEAE6C /* UIKit.framework */ = {isa = PBXFileReference; lastKnownFileType = wrapper.framework; name = UIKit.framework; path = System/Library/Frameworks/UIKit.framework; sourceTree = SDKROOT; };
		454454FD1992E1DE00AEAE6C /* First Table View-Info.plist */ = {isa = PBXFileReference; lastKnownFileType = text.plist.xml; path = "First Table View-Info.plist"; sourceTree = "<group>"; };
		454454FF1992E1DE00AEAE6C /* en */ = {isa = PBXFileReference; lastKnownFileType = text.plist.strings; name = en; path = en.lproj/InfoPlist.strings; sourceTree = "<group>"; };
		454455011992E1DE00AEAE6C /* main.m */ = {isa = PBXFileReference; lastKnownFileType = sourcecode.c.objc; path = main.m; sourceTree = "<group>"; };
		454455031992E1DE00AEAE6C /* First Table View-Prefix.pch */ = {isa = PBXFileReference; lastKnownFileType = sourcecode.c.h; path = "First Table View-Prefix.pch"; sourceTree = "<group>"; };
		454455041992E1DE00AEAE6C /* LDLAppDelegate.h */ = {isa = PBXFileReference; lastKnownFileType = sourcecode.c.h; path = LDLAppDelegate.h; sourceTree = "<group>"; };
		454455051992E1DE00AEAE6C /* LDLAppDelegate.m */ = {isa = PBXFileReference; lastKnownFileType = sourcecode.c.objc; path = LDLAppDelegate.m; sourceTree = "<group>"; };
		454455081992E1DE00AEAE6C /* Base */ = {isa = PBXFileReference; lastKnownFileType = file.storyboard; name = Base; path = Base.lproj/Main.storyboard; sourceTree = "<group>"; };
		4544550A1992E1DE00AEAE6C /* LDLViewController.h */ = {isa = PBXFileReference; lastKnownFileType = sourcecode.c.h; path = LDLViewController.h; sourceTree = "<group>"; };
		4544550B1992E1DE00AEAE6C /* LDLViewController.m */ = {isa = PBXFileReference; lastKnownFileType = sourcecode.c.objc; path = LDLViewController.m; sourceTree = "<group>"; };
		4544550D1992E1DE00AEAE6C /* Images.xcassets */ = {isa = PBXFileReference; lastKnownFileType = folder.assetcatalog; path = Images.xcassets; sourceTree = "<group>"; };
		454455131992E1DE00AEAE6C /* First Table ViewTests.xctest */ = {isa = PBXFileReference; explicitFileType = wrapper.cfbundle; includeInIndex = 0; path = "First Table ViewTests.xctest"; sourceTree = BUILT_PRODUCTS_DIR; };
		454455141992E1DE00AEAE6C /* XCTest.framework */ = {isa = PBXFileReference; lastKnownFileType = wrapper.framework; name = XCTest.framework; path = Library/Frameworks/XCTest.framework; sourceTree = DEVELOPER_DIR; };
		4544551C1992E1DE00AEAE6C /* First Table ViewTests-Info.plist */ = {isa = PBXFileReference; lastKnownFileType = text.plist.xml; path = "First Table ViewTests-Info.plist"; sourceTree = "<group>"; };
		4544551E1992E1DE00AEAE6C /* en */ = {isa = PBXFileReference; lastKnownFileType = text.plist.strings; name = en; path = en.lproj/InfoPlist.strings; sourceTree = "<group>"; };
		454455201992E1DE00AEAE6C /* First_Table_ViewTests.m */ = {isa = PBXFileReference; lastKnownFileType = sourcecode.c.objc; path = First_Table_ViewTests.m; sourceTree = "<group>"; };
/* End PBXFileReference section */

/* Begin PBXFrameworksBuildPhase section */
		454454EF1992E1DE00AEAE6C /* Frameworks */ = {
			isa = PBXFrameworksBuildPhase;
			buildActionMask = 2147483647;
			files = (
				454454F81992E1DE00AEAE6C /* CoreGraphics.framework in Frameworks */,
				454454FA1992E1DE00AEAE6C /* UIKit.framework in Frameworks */,
				454454F61992E1DE00AEAE6C /* Foundation.framework in Frameworks */,
			);
			runOnlyForDeploymentPostprocessing = 0;
		};
		454455101992E1DE00AEAE6C /* Frameworks */ = {
			isa = PBXFrameworksBuildPhase;
			buildActionMask = 2147483647;
			files = (
				454455151992E1DE00AEAE6C /* XCTest.framework in Frameworks */,
				454455171992E1DE00AEAE6C /* UIKit.framework in Frameworks */,
				454455161992E1DE00AEAE6C /* Foundation.framework in Frameworks */,
			);
			runOnlyForDeploymentPostprocessing = 0;
		};
/* End PBXFrameworksBuildPhase section */

/* Begin PBXGroup section */
		454454E91992E1DE00AEAE6C = {
			isa = PBXGroup;
			children = (
				454454FB1992E1DE00AEAE6C /* First Table View */,
				4544551A1992E1DE00AEAE6C /* First Table ViewTests */,
				454454F41992E1DE00AEAE6C /* Frameworks */,
				454454F31992E1DE00AEAE6C /* Products */,
			);
			sourceTree = "<group>";
		};
		454454F31992E1DE00AEAE6C /* Products */ = {
			isa = PBXGroup;
			children = (
				454454F21992E1DE00AEAE6C /* First Table View.app */,
				454455131992E1DE00AEAE6C /* First Table ViewTests.xctest */,
			);
			name = Products;
			sourceTree = "<group>";
		};
		454454F41992E1DE00AEAE6C /* Frameworks */ = {
			isa = PBXGroup;
			children = (
				454454F51992E1DE00AEAE6C /* Foundation.framework */,
				454454F71992E1DE00AEAE6C /* CoreGraphics.framework */,
				454454F91992E1DE00AEAE6C /* UIKit.framework */,
				454455141992E1DE00AEAE6C /* XCTest.framework */,
			);
			name = Frameworks;
			sourceTree = "<group>";
		};
		454454FB1992E1DE00AEAE6C /* First Table View */ = {
			isa = PBXGroup;
			children = (
				454455041992E1DE00AEAE6C /* LDLAppDelegate.h */,
				454455051992E1DE00AEAE6C /* LDLAppDelegate.m */,
				454455071992E1DE00AEAE6C /* Main.storyboard */,
				4544550A1992E1DE00AEAE6C /* LDLViewController.h */,
				4544550B1992E1DE00AEAE6C /* LDLViewController.m */,
				4544550D1992E1DE00AEAE6C /* Images.xcassets */,
				454454FC1992E1DE00AEAE6C /* Supporting Files */,
			);
			path = "First Table View";
			sourceTree = "<group>";
		};
		454454FC1992E1DE00AEAE6C /* Supporting Files */ = {
			isa = PBXGroup;
			children = (
				454454FD1992E1DE00AEAE6C /* First Table View-Info.plist */,
				454454FE1992E1DE00AEAE6C /* InfoPlist.strings */,
				454455011992E1DE00AEAE6C /* main.m */,
				454455031992E1DE00AEAE6C /* First Table View-Prefix.pch */,
			);
			name = "Supporting Files";
			sourceTree = "<group>";
		};
		4544551A1992E1DE00AEAE6C /* First Table ViewTests */ = {
			isa = PBXGroup;
			children = (
				454455201992E1DE00AEAE6C /* First_Table_ViewTests.m */,
				4544551B1992E1DE00AEAE6C /* Supporting Files */,
			);
			path = "First Table ViewTests";
			sourceTree = "<group>";
		};
		4544551B1992E1DE00AEAE6C /* Supporting Files */ = {
			isa = PBXGroup;
			children = (
				4544551C1992E1DE00AEAE6C /* First Table ViewTests-Info.plist */,
				4544551D1992E1DE00AEAE6C /* InfoPlist.strings */,
			);
			name = "Supporting Files";
			sourceTree = "<group>";
		};
/* End PBXGroup section */

/* Begin PBXNativeTarget section */
		454454F11992E1DE00AEAE6C /* First Table View */ = {
			isa = PBXNativeTarget;
			buildConfigurationList = 454455241992E1DE00AEAE6C /* Build configuration list for PBXNativeTarget "First Table View" */;
			buildPhases = (
				454454EE1992E1DE00AEAE6C /* Sources */,
				454454EF1992E1DE00AEAE6C /* Frameworks */,
				454454F01992E1DE00AEAE6C /* Resources */,
			);
			buildRules = (
			);
			dependencies = (
			);
			name = "First Table View";
			productName = "First Table View";
			productReference = 454454F21992E1DE00AEAE6C /* First Table View.app */;
			productType = "com.apple.product-type.application";
		};
		454455121992E1DE00AEAE6C /* First Table ViewTests */ = {
			isa = PBXNativeTarget;
			buildConfigurationList = 454455271992E1DE00AEAE6C /* Build configuration list for PBXNativeTarget "First Table ViewTests" */;
			buildPhases = (
				4544550F1992E1DE00AEAE6C /* Sources */,
				454455101992E1DE00AEAE6C /* Frameworks */,
				454455111992E1DE00AEAE6C /* Resources */,
			);
			buildRules = (
			);
			dependencies = (
				454455191992E1DE00AEAE6C /* PBXTargetDependency */,
			);
			name = "First Table ViewTests";
			productName = "First Table ViewTests";
			productReference = 454455131992E1DE00AEAE6C /* First Table ViewTests.xctest */;
			productType = "com.apple.product-type.bundle.unit-test";
		};
/* End PBXNativeTarget section */

/* Begin PBXProject section */
		454454EA1992E1DE00AEAE6C /* Project object */ = {
			isa = PBXProject;
			attributes = {
				CLASSPREFIX = LDL;
				LastUpgradeCheck = 0510;
				ORGANIZATIONNAME = "Long Le";
				TargetAttributes = {
					454455121992E1DE00AEAE6C = {
						TestTargetID = 454454F11992E1DE00AEAE6C;
					};
				};
			};
			buildConfigurationList = 454454ED1992E1DE00AEAE6C /* Build configuration list for PBXProject "First Table View" */;
			compatibilityVersion = "Xcode 3.2";
			developmentRegion = English;
			hasScannedForEncodings = 0;
			knownRegions = (
				en,
				Base,
			);
			mainGroup = 454454E91992E1DE00AEAE6C;
			productRefGroup = 454454F31992E1DE00AEAE6C /* Products */;
			projectDirPath = "";
			projectRoot = "";
			targets = (
				454454F11992E1DE00AEAE6C /* First Table View */,
				454455121992E1DE00AEAE6C /* First Table ViewTests */,
			);
		};
/* End PBXProject section */

/* Begin PBXResourcesBuildPhase section */
		454454F01992E1DE00AEAE6C /* Resources */ = {
			isa = PBXResourcesBuildPhase;
			buildActionMask = 2147483647;
			files = (
				4544550E1992E1DE00AEAE6C /* Images.xcassets in Resources */,
				454455001992E1DE00AEAE6C /* InfoPlist.strings in Resources */,
				454455091992E1DE00AEAE6C /* Main.storyboard in Resources */,
			);
			runOnlyForDeploymentPostprocessing = 0;
		};
		454455111992E1DE00AEAE6C /* Resources */ = {
			isa = PBXResourcesBuildPhase;
			buildActionMask = 2147483647;
			files = (
				4544551F1992E1DE00AEAE6C /* InfoPlist.strings in Resources */,
			);
			runOnlyForDeploymentPostprocessing = 0;
		};
/* End PBXResourcesBuildPhase section */

/* Begin PBXSourcesBuildPhase section */
		454454EE1992E1DE00AEAE6C /* Sources */ = {
			isa = PBXSourcesBuildPhase;
			buildActionMask = 2147483647;
			files = (
				4544550C1992E1DE00AEAE6C /* LDLViewController.m in Sources */,
				454455021992E1DE00AEAE6C /* main.m in Sources */,
				454455061992E1DE00AEAE6C /* LDLAppDelegate.m in Sources */,
			);
			runOnlyForDeploymentPostprocessing = 0;
		};
		4544550F1992E1DE00AEAE6C /* Sources */ = {
			isa = PBXSourcesBuildPhase;
			buildActionMask = 2147483647;
			files = (
				454455211992E1DE00AEAE6C /* First_Table_ViewTests.m in Sources */,
			);
			runOnlyForDeploymentPostprocessing = 0;
		};
/* End PBXSourcesBuildPhase section */

/* Begin PBXTargetDependency section */
		454455191992E1DE00AEAE6C /* PBXTargetDependency */ = {
			isa = PBXTargetDependency;
			target = 454454F11992E1DE00AEAE6C /* First Table View */;
			targetProxy = 454455181992E1DE00AEAE6C /* PBXContainerItemProxy */;
		};
/* End PBXTargetDependency section */

/* Begin PBXVariantGroup section */
		454454FE1992E1DE00AEAE6C /* InfoPlist.strings */ = {
			isa = PBXVariantGroup;
			children = (
				454454FF1992E1DE00AEAE6C /* en */,
			);
			name = InfoPlist.strings;
			sourceTree = "<group>";
		};
		454455071992E1DE00AEAE6C /* Main.storyboard */ = {
			isa = PBXVariantGroup;
			children = (
				454455081992E1DE00AEAE6C /* Base */,
			);
			name = Main.storyboard;
			sourceTree = "<group>";
		};
		4544551D1992E1DE00AEAE6C /* InfoPlist.strings */ = {
			isa = PBXVariantGroup;
			children = (
				4544551E1992E1DE00AEAE6C /* en */,
			);
			name = InfoPlist.strings;
			sourceTree = "<group>";
		};
/* End PBXVariantGroup section */

/* Begin XCBuildConfiguration section */
		454455221992E1DE00AEAE6C /* Debug */ = {
			isa = XCBuildConfiguration;
			buildSettings = {
				ALWAYS_SEARCH_USER_PATHS = NO;
				CLANG_CXX_LANGUAGE_STANDARD = "gnu++0x";
				CLANG_CXX_LIBRARY = "libc++";
				CLANG_ENABLE_MODULES = YES;
				CLANG_ENABLE_OBJC_ARC = YES;
				CLANG_WARN_BOOL_CONVERSION = YES;
				CLANG_WARN_CONSTANT_CONVERSION = YES;
				CLANG_WARN_DIRECT_OBJC_ISA_USAGE = YES_ERROR;
				CLANG_WARN_EMPTY_BODY = YES;
				CLANG_WARN_ENUM_CONVERSION = YES;
				CLANG_WARN_INT_CONVERSION = YES;
				CLANG_WARN_OBJC_ROOT_CLASS = YES_ERROR;
				CLANG_WARN__DUPLICATE_METHOD_MATCH = YES;
				"CODE_SIGN_IDENTITY[sdk=iphoneos*]" = "iPhone Developer";
				COPY_PHASE_STRIP = NO;
				GCC_C_LANGUAGE_STANDARD = gnu99;
				GCC_DYNAMIC_NO_PIC = NO;
				GCC_OPTIMIZATION_LEVEL = 0;
				GCC_PREPROCESSOR_DEFINITIONS = (
					"DEBUG=1",
					"$(inherited)",
				);
				GCC_SYMBOLS_PRIVATE_EXTERN = NO;
				GCC_WARN_64_TO_32_BIT_CONVERSION = YES;
				GCC_WARN_ABOUT_RETURN_TYPE = YES_ERROR;
				GCC_WARN_UNDECLARED_SELECTOR = YES;
				GCC_WARN_UNINITIALIZED_AUTOS = YES_AGGRESSIVE;
				GCC_WARN_UNUSED_FUNCTION = YES;
				GCC_WARN_UNUSED_VARIABLE = YES;
				IPHONEOS_DEPLOYMENT_TARGET = 7.1;
				ONLY_ACTIVE_ARCH = YES;
				SDKROOT = iphoneos;
			};
			name = Debug;
		};
		454455231992E1DE00AEAE6C /* Release */ = {
			isa = XCBuildConfiguration;
			buildSettings = {
				ALWAYS_SEARCH_USER_PATHS = NO;
				CLANG_CXX_LANGUAGE_STANDARD = "gnu++0x";
				CLANG_CXX_LIBRARY = "libc++";
				CLANG_ENABLE_MODULES = YES;
				CLANG_ENABLE_OBJC_ARC = YES;
				CLANG_WARN_BOOL_CONVERSION = YES;
				CLANG_WARN_CONSTANT_CONVERSION = YES;
				CLANG_WARN_DIRECT_OBJC_ISA_USAGE = YES_ERROR;
				CLANG_WARN_EMPTY_BODY = YES;
				CLANG_WARN_ENUM_CONVERSION = YES;
				CLANG_WARN_INT_CONVERSION = YES;
				CLANG_WARN_OBJC_ROOT_CLASS = YES_ERROR;
				CLANG_WARN__DUPLICATE_METHOD_MATCH = YES;
				"CODE_SIGN_IDENTITY[sdk=iphoneos*]" = "iPhone Developer";
				COPY_PHASE_STRIP = YES;
				ENABLE_NS_ASSERTIONS = NO;
				GCC_C_LANGUAGE_STANDARD = gnu99;
				GCC_WARN_64_TO_32_BIT_CONVERSION = YES;
				GCC_WARN_ABOUT_RETURN_TYPE = YES_ERROR;
				GCC_WARN_UNDECLARED_SELECTOR = YES;
				GCC_WARN_UNINITIALIZED_AUTOS = YES_AGGRESSIVE;
				GCC_WARN_UNUSED_FUNCTION = YES;
				GCC_WARN_UNUSED_VARIABLE = YES;
				IPHONEOS_DEPLOYMENT_TARGET = 7.1;
				SDKROOT = iphoneos;
				VALIDATE_PRODUCT = YES;
			};
			name = Release;
		};
		454455251992E1DE00AEAE6C /* Debug */ = {
			isa = XCBuildConfiguration;
			buildSettings = {
				ASSETCATALOG_COMPILER_APPICON_NAME = AppIcon;
				ASSETCATALOG_COMPILER_LAUNCHIMAGE_NAME = LaunchImage;
				GCC_PRECOMPILE_PREFIX_HEADER = YES;
				GCC_PREFIX_HEADER = "First Table View/First Table View-Prefix.pch";
				INFOPLIST_FILE = "First Table View/First Table View-Info.plist";
				PRODUCT_NAME = "$(TARGET_NAME)";
				WRAPPER_EXTENSION = app;
			};
			name = Debug;
		};
		454455261992E1DE00AEAE6C /* Release */ = {
			isa = XCBuildConfiguration;
			buildSettings = {
				ASSETCATALOG_COMPILER_APPICON_NAME = AppIcon;
				ASSETCATALOG_COMPILER_LAUNCHIMAGE_NAME = LaunchImage;
				GCC_PRECOMPILE_PREFIX_HEADER = YES;
				GCC_PREFIX_HEADER = "First Table View/First Table View-Prefix.pch";
				INFOPLIST_FILE = "First Table View/First Table View-Info.plist";
				PRODUCT_NAME = "$(TARGET_NAME)";
				WRAPPER_EXTENSION = app;
			};
			name = Release;
		};
		454455281992E1DE00AEAE6C /* Debug */ = {
			isa = XCBuildConfiguration;
			buildSettings = {
				BUNDLE_LOADER = "$(BUILT_PRODUCTS_DIR)/First Table View.app/First Table View";
				FRAMEWORK_SEARCH_PATHS = (
					"$(SDKROOT)/Developer/Library/Frameworks",
					"$(inherited)",
					"$(DEVELOPER_FRAMEWORKS_DIR)",
				);
				GCC_PRECOMPILE_PREFIX_HEADER = YES;
				GCC_PREFIX_HEADER = "First Table View/First Table View-Prefix.pch";
				GCC_PREPROCESSOR_DEFINITIONS = (
					"DEBUG=1",
					"$(inherited)",
				);
				INFOPLIST_FILE = "First Table ViewTests/First Table ViewTests-Info.plist";
				PRODUCT_NAME = "$(TARGET_NAME)";
				TEST_HOST = "$(BUNDLE_LOADER)";
				WRAPPER_EXTENSION = xctest;
			};
			name = Debug;
		};
		454455291992E1DE00AEAE6C /* Release */ = {
			isa = XCBuildConfiguration;
			buildSettings = {
				BUNDLE_LOADER = "$(BUILT_PRODUCTS_DIR)/First Table View.app/First Table View";
				FRAMEWORK_SEARCH_PATHS = (
					"$(SDKROOT)/Developer/Library/Frameworks",
					"$(inherited)",
					"$(DEVELOPER_FRAMEWORKS_DIR)",
				);
				GCC_PRECOMPILE_PREFIX_HEADER = YES;
				GCC_PREFIX_HEADER = "First Table View/First Table View-Prefix.pch";
				INFOPLIST_FILE = "First Table ViewTests/First Table ViewTests-Info.plist";
				PRODUCT_NAME = "$(TARGET_NAME)";
				TEST_HOST = "$(BUNDLE_LOADER)";
				WRAPPER_EXTENSION = xctest;
			};
			name = Release;
		};
/* End XCBuildConfiguration section */

/* Begin XCConfigurationList section */
		454454ED1992E1DE00AEAE6C /* Build configuration list for PBXProject "First Table View" */ = {
			isa = XCConfigurationList;
			buildConfigurations = (
				454455221992E1DE00AEAE6C /* Debug */,
				454455231992E1DE00AEAE6C /* Release */,
			);
			defaultConfigurationIsVisible = 0;
			defaultConfigurationName = Release;
		};
		454455241992E1DE00AEAE6C /* Build configuration list for PBXNativeTarget "First Table View" */ = {
			isa = XCConfigurationList;
			buildConfigurations = (
				454455251992E1DE00AEAE6C /* Debug */,
				454455261992E1DE00AEAE6C /* Release */,
			);
			defaultConfigurationIsVisible = 0;
		};
		454455271992E1DE00AEAE6C /* Build configuration list for PBXNativeTarget "First Table ViewTests" */ = {
			isa = XCConfigurationList;
			buildConfigurations = (
				454455281992E1DE00AEAE6C /* Debug */,
				454455291992E1DE00AEAE6C /* Release */,
			);
			defaultConfigurationIsVisible = 0;
		};
/* End XCConfigurationList section */
	};
	rootObject = 454454EA1992E1DE00AEAE6C /* Project object */;
}
